{
  "name": "staccato",
  "version": "1.0.0",
  "lockfileVersion": 1,
  "requires": true,
  "dependencies": {
    "ytdl-core": {
      "version": "file:../../../../Downloads/node-ytdl-core-4.0.5",
      "requires": {
        "html-entities": "^1.3.1",
        "m3u8stream": "^0.8.1",
        "miniget": "^3.0.0",
        "sax": "^1.1.3"
      },
      "dependencies": {
        "html-entities": {
          "version": "1.3.1",
          "resolved": "https://registry.npmjs.org/html-entities/-/html-entities-1.3.1.tgz",
          "integrity": "sha512-rhE/4Z3hIhzHAUKbW8jVcCyuT5oJCXXqhN/6mXXVCpzTmvJnoH2HL/bt3EZ6p55jbFJBeAe1ZNpL5BugLujxNA=="
        },
        "m3u8stream": {
          "version": "0.8.1",
          "resolved": "https://registry.npmjs.org/m3u8stream/-/m3u8stream-0.8.1.tgz",
          "integrity": "sha512-fzjOzn+eYHbHLaTg0R4BCvyKOl24a7fNnhFc/B2zKX3BilD7sHMTipcMDXjbKKqAgJZWbAe2sktDRaTD5KVb3g==",
          "requires": {
            "miniget": "^3.0.0",
            "sax": "^1.2.4"
          }
        },
        "miniget": {
          "version": "3.1.0",
          "resolved": "https://registry.npmjs.org/miniget/-/miniget-3.1.0.tgz",
          "integrity": "sha512-cf18w/CV7RIgGbsi8jg5gmrrrgziLPk3KzC3bWAZW58Rrunlii75eSKPZVAoG7XGA86AYitzY+8Z0j4pafydmw=="
        },
        "sax": {
          "version": "1.2.4",
          "resolved": "https://registry.npmjs.org/sax/-/sax-1.2.4.tgz",
          "integrity": "sha512-NqVDv9TpANUjFm0N8uM5GxL36UgKi9/atZw+x7YFnQ8ckwFGKrl4xX4yWtrey3UJm5nP1kUbnYgLopqWNSRhWw=="
        }
      }
    }
  }
}
